
Microsoft Visual Studio Solution File, Format Version 12.00
# Visual Studio 15
VisualStudioVersion = 15.0.27703.2042
MinimumVisualStudioVersion = 10.0.40219.1
Project("{FAE04EC0-301F-11D3-BF4B-00C04F79EFBC}") = "RaffleWeb", "RaffleWeb\RaffleWeb.csproj", "{5D72FD7A-1B7D-4498-8EB4-3E4AB4AC23BB}"
EndProject
Global
	GlobalSection(SolutionConfigurationPlatforms) = preSolution
		Debug|Any CPU = Debug|Any CPU
		Release|Any CPU = Release|Any CPU
	EndGlobalSection
	GlobalSection(ProjectConfigurationPlatforms) = postSolution
		{5D72FD7A-1B7D-4498-8EB4-3E4AB4AC23BB}.Debug|Any CPU.ActiveCfg = Debug|Any CPU
		{5D72FD7A-1B7D-4498-8EB4-3E4AB4AC23BB}.Debug|Any CPU.Build.0 = Debug|Any CPU
		{5D72FD7A-1B7D-4498-8EB4-3E4AB4AC23BB}.Release|Any CPU.ActiveCfg = Release|Any CPU
		{5D72FD7A-1B7D-4498-8EB4-3E4AB4AC23BB}.Release|Any CPU.Build.0 = Release|Any CPU
	EndGlobalSection
	GlobalSection(SolutionProperties) = preSolution
		HideSolutionNode = FALSE
	EndGlobalSection
	GlobalSection(ExtensibilityGlobals) = postSolution
		SolutionGuid = {E0525319-1E02-4FB2-831F-4CB20B14238B}
	EndGlobalSection
EndGlobal
